
Microsoft Visual Studio Solution File, Format Version 12.00
# Visual Studio Version 17
VisualStudioVersion = 17.0.32014.148
MinimumVisualStudioVersion = 10.0.40219.1
Project("{9A19103F-16F7-4668-BE54-9A1E7A4F7556}") = "RabbitMQ.BasicSend", "RabbitMQ.BasicSend\RabbitMQ.BasicSend.csproj", "{267C7218-65B7-4547-8401-73C20E8285E8}"
EndProject
Project("{9A19103F-16F7-4668-BE54-9A1E7A4F7556}") = "RabbitMQ.BasicReceive", "RabbitMQ.BasicReceive\RabbitMQ.BasicReceive.csproj", "{22EB4733-68FD-4100-8611-EF28FF85A5E5}"
EndProject
Project("{2150E333-8FDC-42A3-9474-1A3956D46DE8}") = "Solution Items", "Solution Items", "{1C586C19-6E8D-4240-BCC5-6EADC1FDFD36}"
	ProjectSection(SolutionItems) = preProject
		..\.gitattributes = ..\.gitattributes
		..\.gitignore = ..\.gitignore
		..\LICENSE = ..\LICENSE
		..\README.md = ..\README.md
	EndProjectSection
EndProject
Project("{9A19103F-16F7-4668-BE54-9A1E7A4F7556}") = "RabbitMQ.NewTask", "RabbitMQ.NewTask\RabbitMQ.NewTask.csproj", "{B61CA696-D0B3-4783-9595-44541CEF4D23}"
EndProject
Project("{9A19103F-16F7-4668-BE54-9A1E7A4F7556}") = "RabbitMQ.Worker", "RabbitMQ.Worker\RabbitMQ.Worker.csproj", "{ADAE5EC9-6AAE-4575-A054-C69F0995AD08}"
EndProject
Project("{9A19103F-16F7-4668-BE54-9A1E7A4F7556}") = "RabbitMQ.EmitLogs", "RabbitMQ.EmitLogs\RabbitMQ.EmitLogs.csproj", "{0844187E-28DD-47A7-A2B0-043E2F539D4D}"
EndProject
Project("{9A19103F-16F7-4668-BE54-9A1E7A4F7556}") = "RabbitMQ.ReceiveLogs", "RabbitMQ.ReceiveLogs\RabbitMQ.ReceiveLogs.csproj", "{0CDDE4C3-1214-47C8-A2DB-8135180F94B6}"
EndProject
Project("{9A19103F-16F7-4668-BE54-9A1E7A4F7556}") = "RabbitMQ.EmitLogsDirect", "RabbitMQ.EmitLogsDirect\RabbitMQ.EmitLogsDirect.csproj", "{19EDFC5C-FAA8-4A3F-825E-19A0C3C72217}"
EndProject
Project("{9A19103F-16F7-4668-BE54-9A1E7A4F7556}") = "RabbitMQ.ReceiveLogsDirect", "RabbitMQ.ReceiveLogsDirect\RabbitMQ.ReceiveLogsDirect.csproj", "{3C99D6E4-57AB-4EBC-9B83-FAD5B2A22810}"
EndProject
Project("{FAE04EC0-301F-11D3-BF4B-00C04F79EFBC}") = "RabbitMQ.EmitLogsTopic", "RabbitMQ.EmitLogsTopic\RabbitMQ.EmitLogsTopic.csproj", "{5FA7C365-D011-4FD1-8491-7E0746FA4D38}"
EndProject
Project("{FAE04EC0-301F-11D3-BF4B-00C04F79EFBC}") = "RabbitMQ.ReceivedLogsTopic", "RabbitMQ.ReceivedLogsTopic\RabbitMQ.ReceivedLogsTopic.csproj", "{8CE56961-3077-42F8-8C72-26FD73723D31}"
EndProject
Project("{2150E333-8FDC-42A3-9474-1A3956D46DE8}") = "Send", "Send", "{CFE43822-01B0-4C00-B9CA-C9EBB05F9A8D}"
EndProject
Project("{2150E333-8FDC-42A3-9474-1A3956D46DE8}") = "Receive", "Receive", "{7C7C5FB8-F8E3-42E9-97C3-03E294745210}"
EndProject
Global
	GlobalSection(SolutionConfigurationPlatforms) = preSolution
		Debug|Any CPU = Debug|Any CPU
		Release|Any CPU = Release|Any CPU
	EndGlobalSection
	GlobalSection(ProjectConfigurationPlatforms) = postSolution
		{267C7218-65B7-4547-8401-73C20E8285E8}.Debug|Any CPU.ActiveCfg = Debug|Any CPU
		{267C7218-65B7-4547-8401-73C20E8285E8}.Debug|Any CPU.Build.0 = Debug|Any CPU
		{267C7218-65B7-4547-8401-73C20E8285E8}.Release|Any CPU.ActiveCfg = Release|Any CPU
		{267C7218-65B7-4547-8401-73C20E8285E8}.Release|Any CPU.Build.0 = Release|Any CPU
		{22EB4733-68FD-4100-8611-EF28FF85A5E5}.Debug|Any CPU.ActiveCfg = Debug|Any CPU
		{22EB4733-68FD-4100-8611-EF28FF85A5E5}.Debug|Any CPU.Build.0 = Debug|Any CPU
		{22EB4733-68FD-4100-8611-EF28FF85A5E5}.Release|Any CPU.ActiveCfg = Release|Any CPU
		{22EB4733-68FD-4100-8611-EF28FF85A5E5}.Release|Any CPU.Build.0 = Release|Any CPU
		{B61CA696-D0B3-4783-9595-44541CEF4D23}.Debug|Any CPU.ActiveCfg = Debug|Any CPU
		{B61CA696-D0B3-4783-9595-44541CEF4D23}.Debug|Any CPU.Build.0 = Debug|Any CPU
		{B61CA696-D0B3-4783-9595-44541CEF4D23}.Release|Any CPU.ActiveCfg = Release|Any CPU
		{B61CA696-D0B3-4783-9595-44541CEF4D23}.Release|Any CPU.Build.0 = Release|Any CPU
		{ADAE5EC9-6AAE-4575-A054-C69F0995AD08}.Debug|Any CPU.ActiveCfg = Debug|Any CPU
		{ADAE5EC9-6AAE-4575-A054-C69F0995AD08}.Debug|Any CPU.Build.0 = Debug|Any CPU
		{ADAE5EC9-6AAE-4575-A054-C69F0995AD08}.Release|Any CPU.ActiveCfg = Release|Any CPU
		{ADAE5EC9-6AAE-4575-A054-C69F0995AD08}.Release|Any CPU.Build.0 = Release|Any CPU
		{0844187E-28DD-47A7-A2B0-043E2F539D4D}.Debug|Any CPU.ActiveCfg = Debug|Any CPU
		{0844187E-28DD-47A7-A2B0-043E2F539D4D}.Debug|Any CPU.Build.0 = Debug|Any CPU
		{0844187E-28DD-47A7-A2B0-043E2F539D4D}.Release|Any CPU.ActiveCfg = Release|Any CPU
		{0844187E-28DD-47A7-A2B0-043E2F539D4D}.Release|Any CPU.Build.0 = Release|Any CPU
		{0CDDE4C3-1214-47C8-A2DB-8135180F94B6}.Debug|Any CPU.ActiveCfg = Debug|Any CPU
		{0CDDE4C3-1214-47C8-A2DB-8135180F94B6}.Debug|Any CPU.Build.0 = Debug|Any CPU
		{0CDDE4C3-1214-47C8-A2DB-8135180F94B6}.Release|Any CPU.ActiveCfg = Release|Any CPU
		{0CDDE4C3-1214-47C8-A2DB-8135180F94B6}.Release|Any CPU.Build.0 = Release|Any CPU
		{19EDFC5C-FAA8-4A3F-825E-19A0C3C72217}.Debug|Any CPU.ActiveCfg = Debug|Any CPU
		{19EDFC5C-FAA8-4A3F-825E-19A0C3C72217}.Debug|Any CPU.Build.0 = Debug|Any CPU
		{19EDFC5C-FAA8-4A3F-825E-19A0C3C72217}.Release|Any CPU.ActiveCfg = Release|Any CPU
		{19EDFC5C-FAA8-4A3F-825E-19A0C3C72217}.Release|Any CPU.Build.0 = Release|Any CPU
		{3C99D6E4-57AB-4EBC-9B83-FAD5B2A22810}.Debug|Any CPU.ActiveCfg = Debug|Any CPU
		{3C99D6E4-57AB-4EBC-9B83-FAD5B2A22810}.Debug|Any CPU.Build.0 = Debug|Any CPU
		{3C99D6E4-57AB-4EBC-9B83-FAD5B2A22810}.Release|Any CPU.ActiveCfg = Release|Any CPU
		{3C99D6E4-57AB-4EBC-9B83-FAD5B2A22810}.Release|Any CPU.Build.0 = Release|Any CPU
		{5FA7C365-D011-4FD1-8491-7E0746FA4D38}.Debug|Any CPU.ActiveCfg = Debug|Any CPU
		{5FA7C365-D011-4FD1-8491-7E0746FA4D38}.Debug|Any CPU.Build.0 = Debug|Any CPU
		{5FA7C365-D011-4FD1-8491-7E0746FA4D38}.Release|Any CPU.ActiveCfg = Release|Any CPU
		{5FA7C365-D011-4FD1-8491-7E0746FA4D38}.Release|Any CPU.Build.0 = Release|Any CPU
		{8CE56961-3077-42F8-8C72-26FD73723D31}.Debug|Any CPU.ActiveCfg = Debug|Any CPU
		{8CE56961-3077-42F8-8C72-26FD73723D31}.Debug|Any CPU.Build.0 = Debug|Any CPU
		{8CE56961-3077-42F8-8C72-26FD73723D31}.Release|Any CPU.ActiveCfg = Release|Any CPU
		{8CE56961-3077-42F8-8C72-26FD73723D31}.Release|Any CPU.Build.0 = Release|Any CPU
	EndGlobalSection
	GlobalSection(SolutionProperties) = preSolution
		HideSolutionNode = FALSE
	EndGlobalSection
	GlobalSection(NestedProjects) = preSolution
		{267C7218-65B7-4547-8401-73C20E8285E8} = {CFE43822-01B0-4C00-B9CA-C9EBB05F9A8D}
		{22EB4733-68FD-4100-8611-EF28FF85A5E5} = {7C7C5FB8-F8E3-42E9-97C3-03E294745210}
		{B61CA696-D0B3-4783-9595-44541CEF4D23} = {CFE43822-01B0-4C00-B9CA-C9EBB05F9A8D}
		{ADAE5EC9-6AAE-4575-A054-C69F0995AD08} = {7C7C5FB8-F8E3-42E9-97C3-03E294745210}
		{0844187E-28DD-47A7-A2B0-043E2F539D4D} = {CFE43822-01B0-4C00-B9CA-C9EBB05F9A8D}
		{0CDDE4C3-1214-47C8-A2DB-8135180F94B6} = {7C7C5FB8-F8E3-42E9-97C3-03E294745210}
		{19EDFC5C-FAA8-4A3F-825E-19A0C3C72217} = {CFE43822-01B0-4C00-B9CA-C9EBB05F9A8D}
		{3C99D6E4-57AB-4EBC-9B83-FAD5B2A22810} = {7C7C5FB8-F8E3-42E9-97C3-03E294745210}
		{5FA7C365-D011-4FD1-8491-7E0746FA4D38} = {CFE43822-01B0-4C00-B9CA-C9EBB05F9A8D}
		{8CE56961-3077-42F8-8C72-26FD73723D31} = {7C7C5FB8-F8E3-42E9-97C3-03E294745210}
	EndGlobalSection
	GlobalSection(ExtensibilityGlobals) = postSolution
		SolutionGuid = {765B1F09-68FC-407E-84AB-609CD2442854}
	EndGlobalSection
EndGlobal
